PODS:
  - Bolts (1.9.0):
    - Bolts/AppLinks (= 1.9.0)
    - Bolts/Tasks (= 1.9.0)
  - Bolts/AppLinks (1.9.0):
    - Bolts/Tasks
  - Bolts/Tasks (1.9.0)
  - DownPicker (0.1.34)
  - FBSDKCoreKit (4.32.0):
    - Bolts (~> 1.7)
  - FBSDKLoginKit (4.32.0):
    - FBSDKCoreKit
  - FSCalendar (2.7.9)
  - Toast (4.0.0)
  - XLForm (4.0.0)

DEPENDENCIES:
  - DownPicker
  - FBSDKLoginKit
  - FSCalendar
  - Toast (~> 4.0.0)
  - XLForm (~> 4.0)

SPEC REPOS:
  https://github.com/CocoaPods/Specs.git:
    - Bolts
    - DownPicker
    - FBSDKCoreKit
    - FBSDKLoginKit
    - FSCalendar
    - Toast
    - XLForm

SPEC CHECKSUMS:
  Bolts: ac6567323eac61e203f6a9763667d0f711be34c8
  DownPicker: c00ea63f08ae82116cc93d0eba74e86bf3d4c68e
  FBSDKCoreKit: 55d7f2ac45d9c4b9b6119f4e43900fe84b9b7b1b
  FBSDKLoginKit: 32ac05c2a59952c363c2e85aafa8f73ba93bcbad
  FSCalendar: a04b09f16f811bc92e82f3cf852a15225233b9d5
  Toast: 91b396c56ee72a5790816f40d3a94dd357abc196
  XLForm: 04110197c12187dd28a6c7295d3d8b95f4fdb4de

PODFILE CHECKSUM: 57fabffd0ccf237f9af6c532001cede6f9aada0f

COCOAPODS: 1.5.0
