// !$*UTF8*$!
{
	archiveVersion = 1;
	classes = {
	};
	objectVersion = 50;
	objects = {

/* Begin PBXBuildFile section */
		062A471B2B9E3D3644C57019 /* Pods_wisekai_pocTests.framework in Frameworks */ = {isa = PBXBuildFile; fileRef = CF956BF76E4BD883FC37A19E /* Pods_wisekai_pocTests.framework */; };
		7C62059921CAA88900A938F2 /* UserViewController.m in Sources */ = {isa = PBXBuildFile; fileRef = 7C62059821CAA88900A938F2 /* UserViewController.m */; };
		7C62059D21CAB1A800A938F2 /* MapViewController.m in Sources */ = {isa = PBXBuildFile; fileRef = 7C62059C21CAB1A800A938F2 /* MapViewController.m */; };
		7CA984BF21A5B5F50062F088 /* AppDelegate.m in Sources */ = {isa = PBXBuildFile; fileRef = 7CA984BE21A5B5F50062F088 /* AppDelegate.m */; };
		7CA984C721A5B5F70062F088 /* Assets.xcassets in Resources */ = {isa = PBXBuildFile; fileRef = 7CA984C621A5B5F70062F088 /* Assets.xcassets */; };
		7CA984CA21A5B5F70062F088 /* LaunchScreen.storyboard in Resources */ = {isa = PBXBuildFile; fileRef = 7CA984C821A5B5F70062F088 /* LaunchScreen.storyboard */; };
		7CA984CD21A5B5F70062F088 /* main.m in Sources */ = {isa = PBXBuildFile; fileRef = 7CA984CC21A5B5F70062F088 /* main.m */; };
		7CA984D721A5B5F70062F088 /* wisekai_pocTests.m in Sources */ = {isa = PBXBuildFile; fileRef = 7CA984D621A5B5F70062F088 /* wisekai_pocTests.m */; };
		E250F08521D8529E00DA8BE7 /* AddLessonDetailsViewController.m in Sources */ = {isa = PBXBuildFile; fileRef = E250F08421D8529E00DA8BE7 /* AddLessonDetailsViewController.m */; };
		E2718B1021D7D25A00534AD1 /* UserSelection.storyboard in Resources */ = {isa = PBXBuildFile; fileRef = E2718B0F21D7D25A00534AD1 /* UserSelection.storyboard */; };
		E2718B1321D7EDC500534AD1 /* APIHelper.m in Sources */ = {isa = PBXBuildFile; fileRef = E2718B1221D7EDC500534AD1 /* APIHelper.m */; };
		E2718B1621D7EEC600534AD1 /* APIRequestBuilder.m in Sources */ = {isa = PBXBuildFile; fileRef = E2718B1521D7EEC600534AD1 /* APIRequestBuilder.m */; };
		E2718B1A21D7F8F400534AD1 /* TeacherLessonCell.m in Sources */ = {isa = PBXBuildFile; fileRef = E2718B1821D7F8F400534AD1 /* TeacherLessonCell.m */; };
		E2718B1B21D7F8F400534AD1 /* TeacherLessonCell.xib in Resources */ = {isa = PBXBuildFile; fileRef = E2718B1921D7F8F400534AD1 /* TeacherLessonCell.xib */; };
		E2AD722421C700E1003AF9E3 /* Student.storyboard in Resources */ = {isa = PBXBuildFile; fileRef = E2AD722321C700E1003AF9E3 /* Student.storyboard */; };
		E2AD722721C700F6003AF9E3 /* StudentMainViewController.m in Sources */ = {isa = PBXBuildFile; fileRef = E2AD722621C700F6003AF9E3 /* StudentMainViewController.m */; };
		E2AD722B21C70436003AF9E3 /* UIHelper.m in Sources */ = {isa = PBXBuildFile; fileRef = E2AD722A21C70436003AF9E3 /* UIHelper.m */; };
		E2AD722E21C70C0D003AF9E3 /* UIImageView+WiseKai.m in Sources */ = {isa = PBXBuildFile; fileRef = E2AD722D21C70C0D003AF9E3 /* UIImageView+WiseKai.m */; };
		E2AD723121C70D09003AF9E3 /* UIView+Wisekai.m in Sources */ = {isa = PBXBuildFile; fileRef = E2AD723021C70D09003AF9E3 /* UIView+Wisekai.m */; };
		E2AD723A21C9B380003AF9E3 /* LessonCell.m in Sources */ = {isa = PBXBuildFile; fileRef = E2AD723821C9B380003AF9E3 /* LessonCell.m */; };
		E2AD723B21C9B380003AF9E3 /* LessonCell.xib in Resources */ = {isa = PBXBuildFile; fileRef = E2AD723921C9B380003AF9E3 /* LessonCell.xib */; };
		E2AD723E21C9D742003AF9E3 /* Login.storyboard in Resources */ = {isa = PBXBuildFile; fileRef = E2AD723D21C9D742003AF9E3 /* Login.storyboard */; };
		E2AD724121C9D75B003AF9E3 /* LoginViewController.m in Sources */ = {isa = PBXBuildFile; fileRef = E2AD724021C9D75B003AF9E3 /* LoginViewController.m */; };
		E2AD724621C9DAF9003AF9E3 /* SignInViewController.m in Sources */ = {isa = PBXBuildFile; fileRef = E2AD724521C9DAF9003AF9E3 /* SignInViewController.m */; };
		E2AD724921C9DF1F003AF9E3 /* SignUpViewController.m in Sources */ = {isa = PBXBuildFile; fileRef = E2AD724821C9DF1F003AF9E3 /* SignUpViewController.m */; };
		E2AD724D21C9E9E2003AF9E3 /* LessonViewController.m in Sources */ = {isa = PBXBuildFile; fileRef = E2AD724C21C9E9E2003AF9E3 /* LessonViewController.m */; };
		E2AD725521CAE2B6003AF9E3 /* Map.storyboard in Resources */ = {isa = PBXBuildFile; fileRef = E2AD725421CAE2B6003AF9E3 /* Map.storyboard */; };
		E2C1881C21DA6014004F54B8 /* AddLessonLocationViewController.m in Sources */ = {isa = PBXBuildFile; fileRef = E2C1881B21DA6014004F54B8 /* AddLessonLocationViewController.m */; };
		E2C1881F21DCDF3D004F54B8 /* TeacherAlertsViewController.m in Sources */ = {isa = PBXBuildFile; fileRef = E2C1881E21DCDF3D004F54B8 /* TeacherAlertsViewController.m */; };
		E2C1882221DCE954004F54B8 /* TeacherProfileViewController.m in Sources */ = {isa = PBXBuildFile; fileRef = E2C1882121DCE954004F54B8 /* TeacherProfileViewController.m */; };
		E2CE32B721D64DAB00164445 /* APICalls.m in Sources */ = {isa = PBXBuildFile; fileRef = E2CE32B621D64DAB00164445 /* APICalls.m */; };
		E2CE32B921D64E2700164445 /* APITest.storyboard in Resources */ = {isa = PBXBuildFile; fileRef = E2CE32B821D64E2700164445 /* APITest.storyboard */; };
		E2CE32BC21D64E4900164445 /* APICallViewController.m in Sources */ = {isa = PBXBuildFile; fileRef = E2CE32BB21D64E4900164445 /* APICallViewController.m */; };
		E2CE32BF21D71FA400164445 /* SignUpPersonalDetailsViewController.m in Sources */ = {isa = PBXBuildFile; fileRef = E2CE32BE21D71FA400164445 /* SignUpPersonalDetailsViewController.m */; };
		E2CE32C221D7B4C300164445 /* SignUpQualificationViewController.m in Sources */ = {isa = PBXBuildFile; fileRef = E2CE32C121D7B4C300164445 /* SignUpQualificationViewController.m */; };
		E2CE32C521D7B4D500164445 /* SignUpInterestViewController.m in Sources */ = {isa = PBXBuildFile; fileRef = E2CE32C421D7B4D500164445 /* SignUpInterestViewController.m */; };
		E2D398FA21BC57F000845B25 /* UIColor+Wisekai.m in Sources */ = {isa = PBXBuildFile; fileRef = E2D398F921BC57F000845B25 /* UIColor+Wisekai.m */; };
		E2D3991C21C049D500845B25 /* UserSelectionViewController.m in Sources */ = {isa = PBXBuildFile; fileRef = E2D3991A21C049D500845B25 /* UserSelectionViewController.m */; };
		E2D3992C21C18FA500845B25 /* User.m in Sources */ = {isa = PBXBuildFile; fileRef = E2D3992B21C18FA500845B25 /* User.m */; };
		E2E2976821D0FB1B00A35FD0 /* Teacher.storyboard in Resources */ = {isa = PBXBuildFile; fileRef = E2E2976721D0FB1B00A35FD0 /* Teacher.storyboard */; };
		E2E2976B21D0FD9000A35FD0 /* TeacherViewController.m in Sources */ = {isa = PBXBuildFile; fileRef = E2E2976A21D0FD9000A35FD0 /* TeacherViewController.m */; };
		E2E2976F21D107AF00A35FD0 /* AddLessonViewController.m in Sources */ = {isa = PBXBuildFile; fileRef = E2E2976E21D107AF00A35FD0 /* AddLessonViewController.m */; };
		EF8DDA178025AA03FB0A79B5 /* Pods_wisekai_poc.framework in Frameworks */ = {isa = PBXBuildFile; fileRef = 9B496A5B12E89F291018C665 /* Pods_wisekai_poc.framework */; };
/* End PBXBuildFile section */

/* Begin PBXContainerItemProxy section */
		7CA984D321A5B5F70062F088 /* PBXContainerItemProxy */ = {
			isa = PBXContainerItemProxy;
			containerPortal = 7CA984B221A5B5F50062F088 /* Project object */;
			proxyType = 1;
			remoteGlobalIDString = 7CA984B921A5B5F50062F088;
			remoteInfo = "wisekai-poc";
		};
/* End PBXContainerItemProxy section */

/* Begin PBXFileReference section */
		3148D0CAB1F6337A998DB1ED /* Pods-wisekai-pocTests.debug.xcconfig */ = {isa = PBXFileReference; includeInIndex = 1; lastKnownFileType = text.xcconfig; name = "Pods-wisekai-pocTests.debug.xcconfig"; path = "Pods/Target Support Files/Pods-wisekai-pocTests/Pods-wisekai-pocTests.debug.xcconfig"; sourceTree = "<group>"; };
		414B4E92262DCC6B140ADB13 /* Pods-wisekai-poc.debug.xcconfig */ = {isa = PBXFileReference; includeInIndex = 1; lastKnownFileType = text.xcconfig; name = "Pods-wisekai-poc.debug.xcconfig"; path = "Pods/Target Support Files/Pods-wisekai-poc/Pods-wisekai-poc.debug.xcconfig"; sourceTree = "<group>"; };
		4D7D1580008A758F5CAE1C9C /* Pods-wisekai-pocTests.release.xcconfig */ = {isa = PBXFileReference; includeInIndex = 1; lastKnownFileType = text.xcconfig; name = "Pods-wisekai-pocTests.release.xcconfig"; path = "Pods/Target Support Files/Pods-wisekai-pocTests/Pods-wisekai-pocTests.release.xcconfig"; sourceTree = "<group>"; };
		7C62059721CAA88900A938F2 /* UserViewController.h */ = {isa = PBXFileReference; lastKnownFileType = sourcecode.c.h; path = UserViewController.h; sourceTree = "<group>"; };
		7C62059821CAA88900A938F2 /* UserViewController.m */ = {isa = PBXFileReference; lastKnownFileType = sourcecode.c.objc; path = UserViewController.m; sourceTree = "<group>"; };
		7C62059B21CAB1A800A938F2 /* MapViewController.h */ = {isa = PBXFileReference; lastKnownFileType = sourcecode.c.h; path = MapViewController.h; sourceTree = "<group>"; };
		7C62059C21CAB1A800A938F2 /* MapViewController.m */ = {isa = PBXFileReference; lastKnownFileType = sourcecode.c.objc; path = MapViewController.m; sourceTree = "<group>"; };
		7CA984BA21A5B5F50062F088 /* wisekai-poc.app */ = {isa = PBXFileReference; explicitFileType = wrapper.application; includeInIndex = 0; path = "wisekai-poc.app"; sourceTree = BUILT_PRODUCTS_DIR; };
		7CA984BD21A5B5F50062F088 /* AppDelegate.h */ = {isa = PBXFileReference; lastKnownFileType = sourcecode.c.h; path = AppDelegate.h; sourceTree = "<group>"; };
		7CA984BE21A5B5F50062F088 /* AppDelegate.m */ = {isa = PBXFileReference; lastKnownFileType = sourcecode.c.objc; path = AppDelegate.m; sourceTree = "<group>"; };
		7CA984C621A5B5F70062F088 /* Assets.xcassets */ = {isa = PBXFileReference; lastKnownFileType = folder.assetcatalog; path = Assets.xcassets; sourceTree = "<group>"; };
		7CA984C921A5B5F70062F088 /* Base */ = {isa = PBXFileReference; lastKnownFileType = file.storyboard; name = Base; path = Base.lproj/LaunchScreen.storyboard; sourceTree = "<group>"; };
		7CA984CB21A5B5F70062F088 /* Info.plist */ = {isa = PBXFileReference; lastKnownFileType = text.plist.xml; path = Info.plist; sourceTree = "<group>"; };
		7CA984CC21A5B5F70062F088 /* main.m */ = {isa = PBXFileReference; lastKnownFileType = sourcecode.c.objc; path = main.m; sourceTree = "<group>"; };
		7CA984D221A5B5F70062F088 /* wisekai-pocTests.xctest */ = {isa = PBXFileReference; explicitFileType = wrapper.cfbundle; includeInIndex = 0; path = "wisekai-pocTests.xctest"; sourceTree = BUILT_PRODUCTS_DIR; };
		7CA984D621A5B5F70062F088 /* wisekai_pocTests.m */ = {isa = PBXFileReference; lastKnownFileType = sourcecode.c.objc; path = wisekai_pocTests.m; sourceTree = "<group>"; };
		7CA984D821A5B5F70062F088 /* Info.plist */ = {isa = PBXFileReference; lastKnownFileType = text.plist.xml; path = Info.plist; sourceTree = "<group>"; };
		9B496A5B12E89F291018C665 /* Pods_wisekai_poc.framework */ = {isa = PBXFileReference; explicitFileType = wrapper.framework; includeInIndex = 0; path = Pods_wisekai_poc.framework; sourceTree = BUILT_PRODUCTS_DIR; };
		C8561B014D0D2E6A5223A562 /* Pods-wisekai-poc.release.xcconfig */ = {isa = PBXFileReference; includeInIndex = 1; lastKnownFileType = text.xcconfig; name = "Pods-wisekai-poc.release.xcconfig"; path = "Pods/Target Support Files/Pods-wisekai-poc/Pods-wisekai-poc.release.xcconfig"; sourceTree = "<group>"; };
		CF956BF76E4BD883FC37A19E /* Pods_wisekai_pocTests.framework */ = {isa = PBXFileReference; explicitFileType = wrapper.framework; includeInIndex = 0; path = Pods_wisekai_pocTests.framework; sourceTree = BUILT_PRODUCTS_DIR; };
		E250F08321D8529E00DA8BE7 /* AddLessonDetailsViewController.h */ = {isa = PBXFileReference; lastKnownFileType = sourcecode.c.h; path = AddLessonDetailsViewController.h; sourceTree = "<group>"; };
		E250F08421D8529E00DA8BE7 /* AddLessonDetailsViewController.m */ = {isa = PBXFileReference; lastKnownFileType = sourcecode.c.objc; path = AddLessonDetailsViewController.m; sourceTree = "<group>"; };
		E2718B0F21D7D25A00534AD1 /* UserSelection.storyboard */ = {isa = PBXFileReference; lastKnownFileType = file.storyboard; path = UserSelection.storyboard; sourceTree = "<group>"; };
		E2718B1121D7EDC500534AD1 /* APIHelper.h */ = {isa = PBXFileReference; lastKnownFileType = sourcecode.c.h; path = APIHelper.h; sourceTree = "<group>"; };
		E2718B1221D7EDC500534AD1 /* APIHelper.m */ = {isa = PBXFileReference; lastKnownFileType = sourcecode.c.objc; path = APIHelper.m; sourceTree = "<group>"; };
		E2718B1421D7EEC600534AD1 /* APIRequestBuilder.h */ = {isa = PBXFileReference; lastKnownFileType = sourcecode.c.h; path = APIRequestBuilder.h; sourceTree = "<group>"; };
		E2718B1521D7EEC600534AD1 /* APIRequestBuilder.m */ = {isa = PBXFileReference; lastKnownFileType = sourcecode.c.objc; path = APIRequestBuilder.m; sourceTree = "<group>"; };
		E2718B1721D7F8F400534AD1 /* TeacherLessonCell.h */ = {isa = PBXFileReference; lastKnownFileType = sourcecode.c.h; path = TeacherLessonCell.h; sourceTree = "<group>"; };
		E2718B1821D7F8F400534AD1 /* TeacherLessonCell.m */ = {isa = PBXFileReference; lastKnownFileType = sourcecode.c.objc; path = TeacherLessonCell.m; sourceTree = "<group>"; };
		E2718B1921D7F8F400534AD1 /* TeacherLessonCell.xib */ = {isa = PBXFileReference; lastKnownFileType = file.xib; path = TeacherLessonCell.xib; sourceTree = "<group>"; };
		E2AD722321C700E1003AF9E3 /* Student.storyboard */ = {isa = PBXFileReference; lastKnownFileType = file.storyboard; path = Student.storyboard; sourceTree = "<group>"; };
		E2AD722521C700F6003AF9E3 /* StudentMainViewController.h */ = {isa = PBXFileReference; lastKnownFileType = sourcecode.c.h; path = StudentMainViewController.h; sourceTree = "<group>"; };
		E2AD722621C700F6003AF9E3 /* StudentMainViewController.m */ = {isa = PBXFileReference; lastKnownFileType = sourcecode.c.objc; path = StudentMainViewController.m; sourceTree = "<group>"; };
		E2AD722921C70436003AF9E3 /* UIHelper.h */ = {isa = PBXFileReference; lastKnownFileType = sourcecode.c.h; path = UIHelper.h; sourceTree = "<group>"; };
		E2AD722A21C70436003AF9E3 /* UIHelper.m */ = {isa = PBXFileReference; lastKnownFileType = sourcecode.c.objc; path = UIHelper.m; sourceTree = "<group>"; };
		E2AD722C21C70C0D003AF9E3 /* UIImageView+WiseKai.h */ = {isa = PBXFileReference; lastKnownFileType = sourcecode.c.h; path = "UIImageView+WiseKai.h"; sourceTree = "<group>"; };
		E2AD722D21C70C0D003AF9E3 /* UIImageView+WiseKai.m */ = {isa = PBXFileReference; lastKnownFileType = sourcecode.c.objc; path = "UIImageView+WiseKai.m"; sourceTree = "<group>"; };
		E2AD722F21C70D09003AF9E3 /* UIView+Wisekai.h */ = {isa = PBXFileReference; lastKnownFileType = sourcecode.c.h; path = "UIView+Wisekai.h"; sourceTree = "<group>"; };
		E2AD723021C70D09003AF9E3 /* UIView+Wisekai.m */ = {isa = PBXFileReference; lastKnownFileType = sourcecode.c.objc; path = "UIView+Wisekai.m"; sourceTree = "<group>"; };
		E2AD723221C997ED003AF9E3 /* wisekai-poc.entitlements */ = {isa = PBXFileReference; lastKnownFileType = text.plist.entitlements; path = "wisekai-poc.entitlements"; sourceTree = "<group>"; };
		E2AD723721C9B380003AF9E3 /* LessonCell.h */ = {isa = PBXFileReference; lastKnownFileType = sourcecode.c.h; path = LessonCell.h; sourceTree = "<group>"; };
		E2AD723821C9B380003AF9E3 /* LessonCell.m */ = {isa = PBXFileReference; lastKnownFileType = sourcecode.c.objc; path = LessonCell.m; sourceTree = "<group>"; };
		E2AD723921C9B380003AF9E3 /* LessonCell.xib */ = {isa = PBXFileReference; lastKnownFileType = file.xib; path = LessonCell.xib; sourceTree = "<group>"; };
		E2AD723D21C9D742003AF9E3 /* Login.storyboard */ = {isa = PBXFileReference; lastKnownFileType = file.storyboard; path = Login.storyboard; sourceTree = "<group>"; };
		E2AD723F21C9D75B003AF9E3 /* LoginViewController.h */ = {isa = PBXFileReference; lastKnownFileType = sourcecode.c.h; path = LoginViewController.h; sourceTree = "<group>"; };
		E2AD724021C9D75B003AF9E3 /* LoginViewController.m */ = {isa = PBXFileReference; lastKnownFileType = sourcecode.c.objc; path = LoginViewController.m; sourceTree = "<group>"; };
		E2AD724421C9DAF9003AF9E3 /* SignInViewController.h */ = {isa = PBXFileReference; lastKnownFileType = sourcecode.c.h; path = SignInViewController.h; sourceTree = "<group>"; };
		E2AD724521C9DAF9003AF9E3 /* SignInViewController.m */ = {isa = PBXFileReference; lastKnownFileType = sourcecode.c.objc; path = SignInViewController.m; sourceTree = "<group>"; };
		E2AD724721C9DF1F003AF9E3 /* SignUpViewController.h */ = {isa = PBXFileReference; lastKnownFileType = sourcecode.c.h; path = SignUpViewController.h; sourceTree = "<group>"; };
		E2AD724821C9DF1F003AF9E3 /* SignUpViewController.m */ = {isa = PBXFileReference; lastKnownFileType = sourcecode.c.objc; path = SignUpViewController.m; sourceTree = "<group>"; };
		E2AD724B21C9E9E2003AF9E3 /* LessonViewController.h */ = {isa = PBXFileReference; lastKnownFileType = sourcecode.c.h; path = LessonViewController.h; sourceTree = "<group>"; };
		E2AD724C21C9E9E2003AF9E3 /* LessonViewController.m */ = {isa = PBXFileReference; lastKnownFileType = sourcecode.c.objc; path = LessonViewController.m; sourceTree = "<group>"; };
		E2AD725421CAE2B6003AF9E3 /* Map.storyboard */ = {isa = PBXFileReference; lastKnownFileType = file.storyboard; path = Map.storyboard; sourceTree = "<group>"; };
		E2C1881A21DA6014004F54B8 /* AddLessonLocationViewController.h */ = {isa = PBXFileReference; lastKnownFileType = sourcecode.c.h; path = AddLessonLocationViewController.h; sourceTree = "<group>"; };
		E2C1881B21DA6014004F54B8 /* AddLessonLocationViewController.m */ = {isa = PBXFileReference; lastKnownFileType = sourcecode.c.objc; path = AddLessonLocationViewController.m; sourceTree = "<group>"; };
		E2C1881D21DCDF3D004F54B8 /* TeacherAlertsViewController.h */ = {isa = PBXFileReference; lastKnownFileType = sourcecode.c.h; path = TeacherAlertsViewController.h; sourceTree = "<group>"; };
		E2C1881E21DCDF3D004F54B8 /* TeacherAlertsViewController.m */ = {isa = PBXFileReference; lastKnownFileType = sourcecode.c.objc; path = TeacherAlertsViewController.m; sourceTree = "<group>"; };
		E2C1882021DCE954004F54B8 /* TeacherProfileViewController.h */ = {isa = PBXFileReference; lastKnownFileType = sourcecode.c.h; path = TeacherProfileViewController.h; sourceTree = "<group>"; };
		E2C1882121DCE954004F54B8 /* TeacherProfileViewController.m */ = {isa = PBXFileReference; lastKnownFileType = sourcecode.c.objc; path = TeacherProfileViewController.m; sourceTree = "<group>"; };
		E2CE32B521D64DAB00164445 /* APICalls.h */ = {isa = PBXFileReference; lastKnownFileType = sourcecode.c.h; path = APICalls.h; sourceTree = "<group>"; };
		E2CE32B621D64DAB00164445 /* APICalls.m */ = {isa = PBXFileReference; lastKnownFileType = sourcecode.c.objc; path = APICalls.m; sourceTree = "<group>"; };
		E2CE32B821D64E2700164445 /* APITest.storyboard */ = {isa = PBXFileReference; lastKnownFileType = file.storyboard; path = APITest.storyboard; sourceTree = "<group>"; };
		E2CE32BA21D64E4900164445 /* APICallViewController.h */ = {isa = PBXFileReference; lastKnownFileType = sourcecode.c.h; path = APICallViewController.h; sourceTree = "<group>"; };
		E2CE32BB21D64E4900164445 /* APICallViewController.m */ = {isa = PBXFileReference; lastKnownFileType = sourcecode.c.objc; path = APICallViewController.m; sourceTree = "<group>"; };
		E2CE32BD21D71FA400164445 /* SignUpPersonalDetailsViewController.h */ = {isa = PBXFileReference; lastKnownFileType = sourcecode.c.h; path = SignUpPersonalDetailsViewController.h; sourceTree = "<group>"; };
		E2CE32BE21D71FA400164445 /* SignUpPersonalDetailsViewController.m */ = {isa = PBXFileReference; lastKnownFileType = sourcecode.c.objc; path = SignUpPersonalDetailsViewController.m; sourceTree = "<group>"; };
		E2CE32C021D7B4C300164445 /* SignUpQualificationViewController.h */ = {isa = PBXFileReference; lastKnownFileType = sourcecode.c.h; path = SignUpQualificationViewController.h; sourceTree = "<group>"; };
		E2CE32C121D7B4C300164445 /* SignUpQualificationViewController.m */ = {isa = PBXFileReference; lastKnownFileType = sourcecode.c.objc; path = SignUpQualificationViewController.m; sourceTree = "<group>"; };
		E2CE32C321D7B4D500164445 /* SignUpInterestViewController.h */ = {isa = PBXFileReference; lastKnownFileType = sourcecode.c.h; path = SignUpInterestViewController.h; sourceTree = "<group>"; };
		E2CE32C421D7B4D500164445 /* SignUpInterestViewController.m */ = {isa = PBXFileReference; lastKnownFileType = sourcecode.c.objc; path = SignUpInterestViewController.m; sourceTree = "<group>"; };
		E2D398F821BC57F000845B25 /* UIColor+Wisekai.h */ = {isa = PBXFileReference; lastKnownFileType = sourcecode.c.h; path = "UIColor+Wisekai.h"; sourceTree = "<group>"; };
		E2D398F921BC57F000845B25 /* UIColor+Wisekai.m */ = {isa = PBXFileReference; lastKnownFileType = sourcecode.c.objc; path = "UIColor+Wisekai.m"; sourceTree = "<group>"; };
		E2D3991921C049D500845B25 /* UserSelectionViewController.h */ = {isa = PBXFileReference; lastKnownFileType = sourcecode.c.h; path = UserSelectionViewController.h; sourceTree = "<group>"; };
		E2D3991A21C049D500845B25 /* UserSelectionViewController.m */ = {isa = PBXFileReference; lastKnownFileType = sourcecode.c.objc; path = UserSelectionViewController.m; sourceTree = "<group>"; };
		E2D3992A21C18FA500845B25 /* User.h */ = {isa = PBXFileReference; lastKnownFileType = sourcecode.c.h; path = User.h; sourceTree = "<group>"; };
		E2D3992B21C18FA500845B25 /* User.m */ = {isa = PBXFileReference; lastKnownFileType = sourcecode.c.objc; path = User.m; sourceTree = "<group>"; };
		E2E2976721D0FB1B00A35FD0 /* Teacher.storyboard */ = {isa = PBXFileReference; lastKnownFileType = file.storyboard; path = Teacher.storyboard; sourceTree = "<group>"; };
		E2E2976921D0FD9000A35FD0 /* TeacherViewController.h */ = {isa = PBXFileReference; lastKnownFileType = sourcecode.c.h; path = TeacherViewController.h; sourceTree = "<group>"; };
		E2E2976A21D0FD9000A35FD0 /* TeacherViewController.m */ = {isa = PBXFileReference; lastKnownFileType = sourcecode.c.objc; path = TeacherViewController.m; sourceTree = "<group>"; };
		E2E2976D21D107AF00A35FD0 /* AddLessonViewController.h */ = {isa = PBXFileReference; lastKnownFileType = sourcecode.c.h; path = AddLessonViewController.h; sourceTree = "<group>"; };
		E2E2976E21D107AF00A35FD0 /* AddLessonViewController.m */ = {isa = PBXFileReference; lastKnownFileType = sourcecode.c.objc; path = AddLessonViewController.m; sourceTree = "<group>"; };
/* End PBXFileReference section */

/* Begin PBXFrameworksBuildPhase section */
		7CA984B721A5B5F50062F088 /* Frameworks */ = {
			isa = PBXFrameworksBuildPhase;
			buildActionMask = 2147483647;
			files = (
				EF8DDA178025AA03FB0A79B5 /* Pods_wisekai_poc.framework in Frameworks */,
			);
			runOnlyForDeploymentPostprocessing = 0;
		};
		7CA984CF21A5B5F70062F088 /* Frameworks */ = {
			isa = PBXFrameworksBuildPhase;
			buildActionMask = 2147483647;
			files = (
				062A471B2B9E3D3644C57019 /* Pods_wisekai_pocTests.framework in Frameworks */,
			);
			runOnlyForDeploymentPostprocessing = 0;
		};
/* End PBXFrameworksBuildPhase section */

/* Begin PBXGroup section */
		0C5E04B5E4E163625960042B /* Frameworks */ = {
			isa = PBXGroup;
			children = (
				9B496A5B12E89F291018C665 /* Pods_wisekai_poc.framework */,
				CF956BF76E4BD883FC37A19E /* Pods_wisekai_pocTests.framework */,
			);
			name = Frameworks;
			sourceTree = "<group>";
		};
		7C62059621CAA87600A938F2 /* User */ = {
			isa = PBXGroup;
			children = (
				7C62059721CAA88900A938F2 /* UserViewController.h */,
				7C62059821CAA88900A938F2 /* UserViewController.m */,
			);
			path = User;
			sourceTree = "<group>";
		};
		7C62059A21CAB19B00A938F2 /* Map */ = {
			isa = PBXGroup;
			children = (
				7C62059B21CAB1A800A938F2 /* MapViewController.h */,
				7C62059C21CAB1A800A938F2 /* MapViewController.m */,
				E2AD725421CAE2B6003AF9E3 /* Map.storyboard */,
			);
			path = Map;
			sourceTree = "<group>";
		};
		7CA984B121A5B5F50062F088 = {
			isa = PBXGroup;
			children = (
				7CA984BC21A5B5F50062F088 /* wisekai-poc */,
				7CA984D521A5B5F70062F088 /* wisekai-pocTests */,
				7CA984BB21A5B5F50062F088 /* Products */,
				DF1037E2FF8879622E4F33D9 /* Pods */,
				0C5E04B5E4E163625960042B /* Frameworks */,
			);
			sourceTree = "<group>";
		};
		7CA984BB21A5B5F50062F088 /* Products */ = {
			isa = PBXGroup;
			children = (
				7CA984BA21A5B5F50062F088 /* wisekai-poc.app */,
				7CA984D221A5B5F70062F088 /* wisekai-pocTests.xctest */,
			);
			name = Products;
			sourceTree = "<group>";
		};
		7CA984BC21A5B5F50062F088 /* wisekai-poc */ = {
			isa = PBXGroup;
			children = (
				E2CE32B421D64D9300164445 /* Api Test */,
				E2AD723221C997ED003AF9E3 /* wisekai-poc.entitlements */,
				E2AD722821C70424003AF9E3 /* Helpers */,
				E2AD722021C700BD003AF9E3 /* User Interface */,
				E2D3992921C18F7900845B25 /* Shared Instances */,
				E2D3991121C0498D00845B25 /* View Controllers */,
				E2D398F721BC57D100845B25 /* Categories */,
				7CA984E121A5B6500062F088 /* App Delegate */,
				7CA984C621A5B5F70062F088 /* Assets.xcassets */,
				7CA984C821A5B5F70062F088 /* LaunchScreen.storyboard */,
				7CA984CB21A5B5F70062F088 /* Info.plist */,
				7CA984CC21A5B5F70062F088 /* main.m */,
			);
			path = "wisekai-poc";
			sourceTree = "<group>";
		};
		7CA984D521A5B5F70062F088 /* wisekai-pocTests */ = {
			isa = PBXGroup;
			children = (
				7CA984D621A5B5F70062F088 /* wisekai_pocTests.m */,
				7CA984D821A5B5F70062F088 /* Info.plist */,
			);
			path = "wisekai-pocTests";
			sourceTree = "<group>";
		};
		7CA984E121A5B6500062F088 /* App Delegate */ = {
			isa = PBXGroup;
			children = (
				7CA984BD21A5B5F50062F088 /* AppDelegate.h */,
				7CA984BE21A5B5F50062F088 /* AppDelegate.m */,
			);
			path = "App Delegate";
			sourceTree = "<group>";
		};
		DF1037E2FF8879622E4F33D9 /* Pods */ = {
			isa = PBXGroup;
			children = (
				414B4E92262DCC6B140ADB13 /* Pods-wisekai-poc.debug.xcconfig */,
				C8561B014D0D2E6A5223A562 /* Pods-wisekai-poc.release.xcconfig */,
				3148D0CAB1F6337A998DB1ED /* Pods-wisekai-pocTests.debug.xcconfig */,
				4D7D1580008A758F5CAE1C9C /* Pods-wisekai-pocTests.release.xcconfig */,
			);
			name = Pods;
			sourceTree = "<group>";
		};
		E2718B1C21D7F8F700534AD1 /* Cells */ = {
			isa = PBXGroup;
			children = (
				E2718B1721D7F8F400534AD1 /* TeacherLessonCell.h */,
				E2718B1821D7F8F400534AD1 /* TeacherLessonCell.m */,
				E2718B1921D7F8F400534AD1 /* TeacherLessonCell.xib */,
			);
			path = Cells;
			sourceTree = "<group>";
		};
		E2AD722021C700BD003AF9E3 /* User Interface */ = {
			isa = PBXGroup;
			children = (
				7C62059A21CAB19B00A938F2 /* Map */,
				7C62059621CAA87600A938F2 /* User */,
				E2AD723C21C9D735003AF9E3 /* Login */,
				E2AD722221C700CB003AF9E3 /* Teacher */,
				E2AD722121C700C6003AF9E3 /* Student */,
			);
			path = "User Interface";
			sourceTree = "<group>";
		};
		E2AD722121C700C6003AF9E3 /* Student */ = {
			isa = PBXGroup;
			children = (
				E2AD724A21C9E9D0003AF9E3 /* Lesson */,
				E2AD723321C9B1E5003AF9E3 /* Lesson List */,
				E2AD722321C700E1003AF9E3 /* Student.storyboard */,
				E2AD722521C700F6003AF9E3 /* StudentMainViewController.h */,
				E2AD722621C700F6003AF9E3 /* StudentMainViewController.m */,
			);
			path = Student;
			sourceTree = "<group>";
		};
		E2AD722221C700CB003AF9E3 /* Teacher */ = {
			isa = PBXGroup;
			children = (
				E2718B1C21D7F8F700534AD1 /* Cells */,
				E2E2976C21D1079F00A35FD0 /* Add Lesson */,
				E2E2976721D0FB1B00A35FD0 /* Teacher.storyboard */,
				E2E2976921D0FD9000A35FD0 /* TeacherViewController.h */,
				E2E2976A21D0FD9000A35FD0 /* TeacherViewController.m */,
				E2C1881D21DCDF3D004F54B8 /* TeacherAlertsViewController.h */,
				E2C1881E21DCDF3D004F54B8 /* TeacherAlertsViewController.m */,
				E2C1882021DCE954004F54B8 /* TeacherProfileViewController.h */,
				E2C1882121DCE954004F54B8 /* TeacherProfileViewController.m */,
			);
			path = Teacher;
			sourceTree = "<group>";
		};
		E2AD722821C70424003AF9E3 /* Helpers */ = {
			isa = PBXGroup;
			children = (
				E2AD722921C70436003AF9E3 /* UIHelper.h */,
				E2AD722A21C70436003AF9E3 /* UIHelper.m */,
			);
			path = Helpers;
			sourceTree = "<group>";
		};
		E2AD723321C9B1E5003AF9E3 /* Lesson List */ = {
			isa = PBXGroup;
			children = (
				E2AD723721C9B380003AF9E3 /* LessonCell.h */,
				E2AD723821C9B380003AF9E3 /* LessonCell.m */,
				E2AD723921C9B380003AF9E3 /* LessonCell.xib */,
			);
			path = "Lesson List";
			sourceTree = "<group>";
		};
		E2AD723C21C9D735003AF9E3 /* Login */ = {
			isa = PBXGroup;
			children = (
				E2AD724321C9DAC2003AF9E3 /* Sign Up */,
				E2AD724221C9DAB6003AF9E3 /* Sign In */,
				E2AD723D21C9D742003AF9E3 /* Login.storyboard */,
				E2AD723F21C9D75B003AF9E3 /* LoginViewController.h */,
				E2AD724021C9D75B003AF9E3 /* LoginViewController.m */,
			);
			path = Login;
			sourceTree = "<group>";
		};
		E2AD724221C9DAB6003AF9E3 /* Sign In */ = {
			isa = PBXGroup;
			children = (
				E2AD724421C9DAF9003AF9E3 /* SignInViewController.h */,
				E2AD724521C9DAF9003AF9E3 /* SignInViewController.m */,
			);
			path = "Sign In";
			sourceTree = "<group>";
		};
		E2AD724321C9DAC2003AF9E3 /* Sign Up */ = {
			isa = PBXGroup;
			children = (
				E2AD724721C9DF1F003AF9E3 /* SignUpViewController.h */,
				E2AD724821C9DF1F003AF9E3 /* SignUpViewController.m */,
				E2CE32BD21D71FA400164445 /* SignUpPersonalDetailsViewController.h */,
				E2CE32BE21D71FA400164445 /* SignUpPersonalDetailsViewController.m */,
				E2CE32C021D7B4C300164445 /* SignUpQualificationViewController.h */,
				E2CE32C121D7B4C300164445 /* SignUpQualificationViewController.m */,
				E2CE32C321D7B4D500164445 /* SignUpInterestViewController.h */,
				E2CE32C421D7B4D500164445 /* SignUpInterestViewController.m */,
			);
			path = "Sign Up";
			sourceTree = "<group>";
		};
		E2AD724A21C9E9D0003AF9E3 /* Lesson */ = {
			isa = PBXGroup;
			children = (
				E2AD724B21C9E9E2003AF9E3 /* LessonViewController.h */,
				E2AD724C21C9E9E2003AF9E3 /* LessonViewController.m */,
			);
			path = Lesson;
			sourceTree = "<group>";
		};
		E2CE32B421D64D9300164445 /* Api Test */ = {
			isa = PBXGroup;
			children = (
				E2CE32C721D7C9B600164445 /* Unit Tests */,
				E2CE32C621D7C9AB00164445 /* API Calls */,
			);
			path = "Api Test";
			sourceTree = "<group>";
		};
		E2CE32C621D7C9AB00164445 /* API Calls */ = {
			isa = PBXGroup;
			children = (
				E2CE32B521D64DAB00164445 /* APICalls.h */,
				E2CE32B621D64DAB00164445 /* APICalls.m */,
				E2718B1421D7EEC600534AD1 /* APIRequestBuilder.h */,
				E2718B1521D7EEC600534AD1 /* APIRequestBuilder.m */,
				E2718B1121D7EDC500534AD1 /* APIHelper.h */,
				E2718B1221D7EDC500534AD1 /* APIHelper.m */,
			);
			path = "API Calls";
			sourceTree = "<group>";
		};
		E2CE32C721D7C9B600164445 /* Unit Tests */ = {
			isa = PBXGroup;
			children = (
				E2CE32B821D64E2700164445 /* APITest.storyboard */,
				E2CE32BA21D64E4900164445 /* APICallViewController.h */,
				E2CE32BB21D64E4900164445 /* APICallViewController.m */,
			);
			path = "Unit Tests";
			sourceTree = "<group>";
		};
		E2D398F721BC57D100845B25 /* Categories */ = {
			isa = PBXGroup;
			children = (
				E2D398F821BC57F000845B25 /* UIColor+Wisekai.h */,
				E2D398F921BC57F000845B25 /* UIColor+Wisekai.m */,
				E2AD722C21C70C0D003AF9E3 /* UIImageView+WiseKai.h */,
				E2AD722D21C70C0D003AF9E3 /* UIImageView+WiseKai.m */,
				E2AD722F21C70D09003AF9E3 /* UIView+Wisekai.h */,
				E2AD723021C70D09003AF9E3 /* UIView+Wisekai.m */,
			);
			path = Categories;
			sourceTree = "<group>";
		};
		E2D3991121C0498D00845B25 /* View Controllers */ = {
			isa = PBXGroup;
			children = (
				E2D3991221C0499B00845B25 /* User Selection */,
			);
			path = "View Controllers";
			sourceTree = "<group>";
		};
		E2D3991221C0499B00845B25 /* User Selection */ = {
			isa = PBXGroup;
			children = (
				E2D3991921C049D500845B25 /* UserSelectionViewController.h */,
				E2D3991A21C049D500845B25 /* UserSelectionViewController.m */,
				E2718B0F21D7D25A00534AD1 /* UserSelection.storyboard */,
			);
			path = "User Selection";
			sourceTree = "<group>";
		};
		E2D3992921C18F7900845B25 /* Shared Instances */ = {
			isa = PBXGroup;
			children = (
				E2D3992A21C18FA500845B25 /* User.h */,
				E2D3992B21C18FA500845B25 /* User.m */,
			);
			path = "Shared Instances";
			sourceTree = "<group>";
		};
		E2E2976C21D1079F00A35FD0 /* Add Lesson */ = {
			isa = PBXGroup;
			children = (
				E2E2976D21D107AF00A35FD0 /* AddLessonViewController.h */,
				E2E2976E21D107AF00A35FD0 /* AddLessonViewController.m */,
				E250F08321D8529E00DA8BE7 /* AddLessonDetailsViewController.h */,
				E250F08421D8529E00DA8BE7 /* AddLessonDetailsViewController.m */,
				E2C1881A21DA6014004F54B8 /* AddLessonLocationViewController.h */,
				E2C1881B21DA6014004F54B8 /* AddLessonLocationViewController.m */,
			);
			path = "Add Lesson";
			sourceTree = "<group>";
		};
/* End PBXGroup section */

/* Begin PBXNativeTarget section */
		7CA984B921A5B5F50062F088 /* wisekai-poc */ = {
			isa = PBXNativeTarget;
			buildConfigurationList = 7CA984DB21A5B5F70062F088 /* Build configuration list for PBXNativeTarget "wisekai-poc" */;
			buildPhases = (
				CE2FD9E4193EE2141787A92C /* [CP] Check Pods Manifest.lock */,
				7CA984B621A5B5F50062F088 /* Sources */,
				7CA984B721A5B5F50062F088 /* Frameworks */,
				7CA984B821A5B5F50062F088 /* Resources */,
				1248306D7437A9FF73A91DFF /* [CP] Embed Pods Frameworks */,
			);
			buildRules = (
			);
			dependencies = (
			);
			name = "wisekai-poc";
			productName = "wisekai-poc";
			productReference = 7CA984BA21A5B5F50062F088 /* wisekai-poc.app */;
			productType = "com.apple.product-type.application";
		};
		7CA984D121A5B5F70062F088 /* wisekai-pocTests */ = {
			isa = PBXNativeTarget;
			buildConfigurationList = 7CA984DE21A5B5F70062F088 /* Build configuration list for PBXNativeTarget "wisekai-pocTests" */;
			buildPhases = (
				62A1A0D8DFE0A0D0C9695354 /* [CP] Check Pods Manifest.lock */,
				7CA984CE21A5B5F70062F088 /* Sources */,
				7CA984CF21A5B5F70062F088 /* Frameworks */,
				7CA984D021A5B5F70062F088 /* Resources */,
			);
			buildRules = (
			);
			dependencies = (
				7CA984D421A5B5F70062F088 /* PBXTargetDependency */,
			);
			name = "wisekai-pocTests";
			productName = "wisekai-pocTests";
			productReference = 7CA984D221A5B5F70062F088 /* wisekai-pocTests.xctest */;
			productType = "com.apple.product-type.bundle.unit-test";
		};
/* End PBXNativeTarget section */

/* Begin PBXProject section */
		7CA984B221A5B5F50062F088 /* Project object */ = {
			isa = PBXProject;
			attributes = {
				LastUpgradeCheck = 1010;
				ORGANIZATIONNAME = "Ahmed Ali Zafar";
				TargetAttributes = {
					7CA984B921A5B5F50062F088 = {
						CreatedOnToolsVersion = 10.1;
						SystemCapabilities = {
							com.apple.Push = {
								enabled = 1;
							};
						};
					};
					7CA984D121A5B5F70062F088 = {
						CreatedOnToolsVersion = 10.1;
						TestTargetID = 7CA984B921A5B5F50062F088;
					};
				};
			};
			buildConfigurationList = 7CA984B521A5B5F50062F088 /* Build configuration list for PBXProject "wisekai-poc" */;
			compatibilityVersion = "Xcode 9.3";
			developmentRegion = en;
			hasScannedForEncodings = 0;
			knownRegions = (
				en,
				Base,
			);
			mainGroup = 7CA984B121A5B5F50062F088;
			productRefGroup = 7CA984BB21A5B5F50062F088 /* Products */;
			projectDirPath = "";
			projectRoot = "";
			targets = (
				7CA984B921A5B5F50062F088 /* wisekai-poc */,
				7CA984D121A5B5F70062F088 /* wisekai-pocTests */,
			);
		};
/* End PBXProject section */

/* Begin PBXResourcesBuildPhase section */
		7CA984B821A5B5F50062F088 /* Resources */ = {
			isa = PBXResourcesBuildPhase;
			buildActionMask = 2147483647;
			files = (
				E2AD722421C700E1003AF9E3 /* Student.storyboard in Resources */,
				E2AD725521CAE2B6003AF9E3 /* Map.storyboard in Resources */,
				7CA984CA21A5B5F70062F088 /* LaunchScreen.storyboard in Resources */,
				7CA984C721A5B5F70062F088 /* Assets.xcassets in Resources */,
				E2718B1021D7D25A00534AD1 /* UserSelection.storyboard in Resources */,
				E2CE32B921D64E2700164445 /* APITest.storyboard in Resources */,
				E2E2976821D0FB1B00A35FD0 /* Teacher.storyboard in Resources */,
				E2AD723B21C9B380003AF9E3 /* LessonCell.xib in Resources */,
				E2718B1B21D7F8F400534AD1 /* TeacherLessonCell.xib in Resources */,
				E2AD723E21C9D742003AF9E3 /* Login.storyboard in Resources */,
			);
			runOnlyForDeploymentPostprocessing = 0;
		};
		7CA984D021A5B5F70062F088 /* Resources */ = {
			isa = PBXResourcesBuildPhase;
			buildActionMask = 2147483647;
			files = (
			);
			runOnlyForDeploymentPostprocessing = 0;
		};
/* End PBXResourcesBuildPhase section */

/* Begin PBXShellScriptBuildPhase section */
		1248306D7437A9FF73A91DFF /* [CP] Embed Pods Frameworks */ = {
			isa = PBXShellScriptBuildPhase;
			buildActionMask = 2147483647;
			files = (
			);
			inputPaths = (
				"${SRCROOT}/Pods/Target Support Files/Pods-wisekai-poc/Pods-wisekai-poc-frameworks.sh",
				"${BUILT_PRODUCTS_DIR}/Bolts/Bolts.framework",
				"${BUILT_PRODUCTS_DIR}/DownPicker/DownPicker.framework",
				"${BUILT_PRODUCTS_DIR}/FBSDKCoreKit/FBSDKCoreKit.framework",
				"${BUILT_PRODUCTS_DIR}/FBSDKLoginKit/FBSDKLoginKit.framework",
				"${BUILT_PRODUCTS_DIR}/FSCalendar/FSCalendar.framework",
				"${BUILT_PRODUCTS_DIR}/Toast/Toast.framework",
				"${BUILT_PRODUCTS_DIR}/XLForm/XLForm.framework",
			);
			name = "[CP] Embed Pods Frameworks";
			outputPaths = (
				"${TARGET_BUILD_DIR}/${FRAMEWORKS_FOLDER_PATH}/Bolts.framework",
				"${TARGET_BUILD_DIR}/${FRAMEWORKS_FOLDER_PATH}/DownPicker.framework",
				"${TARGET_BUILD_DIR}/${FRAMEWORKS_FOLDER_PATH}/FBSDKCoreKit.framework",
				"${TARGET_BUILD_DIR}/${FRAMEWORKS_FOLDER_PATH}/FBSDKLoginKit.framework",
				"${TARGET_BUILD_DIR}/${FRAMEWORKS_FOLDER_PATH}/FSCalendar.framework",
				"${TARGET_BUILD_DIR}/${FRAMEWORKS_FOLDER_PATH}/Toast.framework",
				"${TARGET_BUILD_DIR}/${FRAMEWORKS_FOLDER_PATH}/XLForm.framework",
			);
			runOnlyForDeploymentPostprocessing = 0;
			shellPath = /bin/sh;
			shellScript = "\"${SRCROOT}/Pods/Target Support Files/Pods-wisekai-poc/Pods-wisekai-poc-frameworks.sh\"\n";
			showEnvVarsInLog = 0;
		};
		62A1A0D8DFE0A0D0C9695354 /* [CP] Check Pods Manifest.lock */ = {
			isa = PBXShellScriptBuildPhase;
			buildActionMask = 2147483647;
			files = (
			);
			inputPaths = (
				"${PODS_PODFILE_DIR_PATH}/Podfile.lock",
				"${PODS_ROOT}/Manifest.lock",
			);
			name = "[CP] Check Pods Manifest.lock";
			outputPaths = (
				"$(DERIVED_FILE_DIR)/Pods-wisekai-pocTests-checkManifestLockResult.txt",
			);
			runOnlyForDeploymentPostprocessing = 0;
			shellPath = /bin/sh;
			shellScript = "diff \"${PODS_PODFILE_DIR_PATH}/Podfile.lock\" \"${PODS_ROOT}/Manifest.lock\" > /dev/null\nif [ $? != 0 ] ; then\n    # print error to STDERR\n    echo \"error: The sandbox is not in sync with the Podfile.lock. Run 'pod install' or update your CocoaPods installation.\" >&2\n    exit 1\nfi\n# This output is used by Xcode 'outputs' to avoid re-running this script phase.\necho \"SUCCESS\" > \"${SCRIPT_OUTPUT_FILE_0}\"\n";
			showEnvVarsInLog = 0;
		};
		CE2FD9E4193EE2141787A92C /* [CP] Check Pods Manifest.lock */ = {
			isa = PBXShellScriptBuildPhase;
			buildActionMask = 2147483647;
			files = (
			);
			inputPaths = (
				"${PODS_PODFILE_DIR_PATH}/Podfile.lock",
				"${PODS_ROOT}/Manifest.lock",
			);
			name = "[CP] Check Pods Manifest.lock";
			outputPaths = (
				"$(DERIVED_FILE_DIR)/Pods-wisekai-poc-checkManifestLockResult.txt",
			);
			runOnlyForDeploymentPostprocessing = 0;
			shellPath = /bin/sh;
			shellScript = "diff \"${PODS_PODFILE_DIR_PATH}/Podfile.lock\" \"${PODS_ROOT}/Manifest.lock\" > /dev/null\nif [ $? != 0 ] ; then\n    # print error to STDERR\n    echo \"error: The sandbox is not in sync with the Podfile.lock. Run 'pod install' or update your CocoaPods installation.\" >&2\n    exit 1\nfi\n# This output is used by Xcode 'outputs' to avoid re-running this script phase.\necho \"SUCCESS\" > \"${SCRIPT_OUTPUT_FILE_0}\"\n";
			showEnvVarsInLog = 0;
		};
/* End PBXShellScriptBuildPhase section */

/* Begin PBXSourcesBuildPhase section */
		7CA984B621A5B5F50062F088 /* Sources */ = {
			isa = PBXSourcesBuildPhase;
			buildActionMask = 2147483647;
			files = (
				E2E2976F21D107AF00A35FD0 /* AddLessonViewController.m in Sources */,
				E2D398FA21BC57F000845B25 /* UIColor+Wisekai.m in Sources */,
				E2C1881F21DCDF3D004F54B8 /* TeacherAlertsViewController.m in Sources */,
				E2CE32BF21D71FA400164445 /* SignUpPersonalDetailsViewController.m in Sources */,
				E2AD724D21C9E9E2003AF9E3 /* LessonViewController.m in Sources */,
				E2CE32BC21D64E4900164445 /* APICallViewController.m in Sources */,
				7CA984CD21A5B5F70062F088 /* main.m in Sources */,
				E2D3991C21C049D500845B25 /* UserSelectionViewController.m in Sources */,
				E2C1881C21DA6014004F54B8 /* AddLessonLocationViewController.m in Sources */,
				E2AD722E21C70C0D003AF9E3 /* UIImageView+WiseKai.m in Sources */,
				E2D3992C21C18FA500845B25 /* User.m in Sources */,
				7C62059921CAA88900A938F2 /* UserViewController.m in Sources */,
				E2AD722721C700F6003AF9E3 /* StudentMainViewController.m in Sources */,
				E2718B1621D7EEC600534AD1 /* APIRequestBuilder.m in Sources */,
				E2AD723121C70D09003AF9E3 /* UIView+Wisekai.m in Sources */,
				E2AD723A21C9B380003AF9E3 /* LessonCell.m in Sources */,
				E2CE32B721D64DAB00164445 /* APICalls.m in Sources */,
				E2AD722B21C70436003AF9E3 /* UIHelper.m in Sources */,
				7C62059D21CAB1A800A938F2 /* MapViewController.m in Sources */,
				E2718B1321D7EDC500534AD1 /* APIHelper.m in Sources */,
				E2718B1A21D7F8F400534AD1 /* TeacherLessonCell.m in Sources */,
				E2CE32C221D7B4C300164445 /* SignUpQualificationViewController.m in Sources */,
				E250F08521D8529E00DA8BE7 /* AddLessonDetailsViewController.m in Sources */,
				E2AD724621C9DAF9003AF9E3 /* SignInViewController.m in Sources */,
				E2AD724921C9DF1F003AF9E3 /* SignUpViewController.m in Sources */,
				E2E2976B21D0FD9000A35FD0 /* TeacherViewController.m in Sources */,
				7CA984BF21A5B5F50062F088 /* AppDelegate.m in Sources */,
				E2C1882221DCE954004F54B8 /* TeacherProfileViewController.m in Sources */,
				E2CE32C521D7B4D500164445 /* SignUpInterestViewController.m in Sources */,
				E2AD724121C9D75B003AF9E3 /* LoginViewController.m in Sources */,
			);
			runOnlyForDeploymentPostprocessing = 0;
		};
		7CA984CE21A5B5F70062F088 /* Sources */ = {
			isa = PBXSourcesBuildPhase;
			buildActionMask = 2147483647;
			files = (
				7CA984D721A5B5F70062F088 /* wisekai_pocTests.m in Sources */,
			);
			runOnlyForDeploymentPostprocessing = 0;
		};
/* End PBXSourcesBuildPhase section */

/* Begin PBXTargetDependency section */
		7CA984D421A5B5F70062F088 /* PBXTargetDependency */ = {
			isa = PBXTargetDependency;
			target = 7CA984B921A5B5F50062F088 /* wisekai-poc */;
			targetProxy = 7CA984D321A5B5F70062F088 /* PBXContainerItemProxy */;
		};
/* End PBXTargetDependency section */

/* Begin PBXVariantGroup section */
		7CA984C821A5B5F70062F088 /* LaunchScreen.storyboard */ = {
			isa = PBXVariantGroup;
			children = (
				7CA984C921A5B5F70062F088 /* Base */,
			);
			name = LaunchScreen.storyboard;
			sourceTree = "<group>";
		};
/* End PBXVariantGroup section */

/* Begin XCBuildConfiguration section */
		7CA984D921A5B5F70062F088 /* Debug */ = {
			isa = XCBuildConfiguration;
			buildSettings = {
				ALWAYS_SEARCH_USER_PATHS = NO;
				CLANG_ANALYZER_NONNULL = YES;
				CLANG_ANALYZER_NUMBER_OBJECT_CONVERSION = YES_AGGRESSIVE;
				CLANG_CXX_LANGUAGE_STANDARD = "gnu++14";
				CLANG_CXX_LIBRARY = "libc++";
				CLANG_ENABLE_MODULES = YES;
				CLANG_ENABLE_OBJC_ARC = YES;
				CLANG_ENABLE_OBJC_WEAK = YES;
				CLANG_WARN_BLOCK_CAPTURE_AUTORELEASING = YES;
				CLANG_WARN_BOOL_CONVERSION = YES;
				CLANG_WARN_COMMA = YES;
				CLANG_WARN_CONSTANT_CONVERSION = YES;
				CLANG_WARN_DEPRECATED_OBJC_IMPLEMENTATIONS = YES;
				CLANG_WARN_DIRECT_OBJC_ISA_USAGE = YES_ERROR;
				CLANG_WARN_DOCUMENTATION_COMMENTS = YES;
				CLANG_WARN_EMPTY_BODY = YES;
				CLANG_WARN_ENUM_CONVERSION = YES;
				CLANG_WARN_INFINITE_RECURSION = YES;
				CLANG_WARN_INT_CONVERSION = YES;
				CLANG_WARN_NON_LITERAL_NULL_CONVERSION = YES;
				CLANG_WARN_OBJC_IMPLICIT_RETAIN_SELF = YES;
				CLANG_WARN_OBJC_LITERAL_CONVERSION = YES;
				CLANG_WARN_OBJC_ROOT_CLASS = YES_ERROR;
				CLANG_WARN_RANGE_LOOP_ANALYSIS = YES;
				CLANG_WARN_STRICT_PROTOTYPES = YES;
				CLANG_WARN_SUSPICIOUS_MOVE = YES;
				CLANG_WARN_UNGUARDED_AVAILABILITY = YES_AGGRESSIVE;
				CLANG_WARN_UNREACHABLE_CODE = YES;
				CLANG_WARN__DUPLICATE_METHOD_MATCH = YES;
				CODE_SIGN_IDENTITY = "iPhone Developer";
				COPY_PHASE_STRIP = NO;
				DEBUG_INFORMATION_FORMAT = dwarf;
				ENABLE_STRICT_OBJC_MSGSEND = YES;
				ENABLE_TESTABILITY = YES;
				GCC_C_LANGUAGE_STANDARD = gnu11;
				GCC_DYNAMIC_NO_PIC = NO;
				GCC_NO_COMMON_BLOCKS = YES;
				GCC_OPTIMIZATION_LEVEL = 0;
				GCC_PREPROCESSOR_DEFINITIONS = (
					"DEBUG=1",
					"$(inherited)",
				);
				GCC_WARN_64_TO_32_BIT_CONVERSION = YES;
				GCC_WARN_ABOUT_RETURN_TYPE = YES_ERROR;
				GCC_WARN_UNDECLARED_SELECTOR = YES;
				GCC_WARN_UNINITIALIZED_AUTOS = YES_AGGRESSIVE;
				GCC_WARN_UNUSED_FUNCTION = YES;
				GCC_WARN_UNUSED_VARIABLE = YES;
				IPHONEOS_DEPLOYMENT_TARGET = 12.1;
				MTL_ENABLE_DEBUG_INFO = INCLUDE_SOURCE;
				MTL_FAST_MATH = YES;
				ONLY_ACTIVE_ARCH = YES;
				SDKROOT = iphoneos;
			};
			name = Debug;
		};
		7CA984DA21A5B5F70062F088 /* Release */ = {
			isa = XCBuildConfiguration;
			buildSettings = {
				ALWAYS_SEARCH_USER_PATHS = NO;
				CLANG_ANALYZER_NONNULL = YES;
				CLANG_ANALYZER_NUMBER_OBJECT_CONVERSION = YES_AGGRESSIVE;
				CLANG_CXX_LANGUAGE_STANDARD = "gnu++14";
				CLANG_CXX_LIBRARY = "libc++";
				CLANG_ENABLE_MODULES = YES;
				CLANG_ENABLE_OBJC_ARC = YES;
				CLANG_ENABLE_OBJC_WEAK = YES;
				CLANG_WARN_BLOCK_CAPTURE_AUTORELEASING = YES;
				CLANG_WARN_BOOL_CONVERSION = YES;
				CLANG_WARN_COMMA = YES;
				CLANG_WARN_CONSTANT_CONVERSION = YES;
				CLANG_WARN_DEPRECATED_OBJC_IMPLEMENTATIONS = YES;
				CLANG_WARN_DIRECT_OBJC_ISA_USAGE = YES_ERROR;
				CLANG_WARN_DOCUMENTATION_COMMENTS = YES;
				CLANG_WARN_EMPTY_BODY = YES;
				CLANG_WARN_ENUM_CONVERSION = YES;
				CLANG_WARN_INFINITE_RECURSION = YES;
				CLANG_WARN_INT_CONVERSION = YES;
				CLANG_WARN_NON_LITERAL_NULL_CONVERSION = YES;
				CLANG_WARN_OBJC_IMPLICIT_RETAIN_SELF = YES;
				CLANG_WARN_OBJC_LITERAL_CONVERSION = YES;
				CLANG_WARN_OBJC_ROOT_CLASS = YES_ERROR;
				CLANG_WARN_RANGE_LOOP_ANALYSIS = YES;
				CLANG_WARN_STRICT_PROTOTYPES = YES;
				CLANG_WARN_SUSPICIOUS_MOVE = YES;
				CLANG_WARN_UNGUARDED_AVAILABILITY = YES_AGGRESSIVE;
				CLANG_WARN_UNREACHABLE_CODE = YES;
				CLANG_WARN__DUPLICATE_METHOD_MATCH = YES;
				CODE_SIGN_IDENTITY = "iPhone Developer";
				COPY_PHASE_STRIP = NO;
				DEBUG_INFORMATION_FORMAT = "dwarf-with-dsym";
				ENABLE_NS_ASSERTIONS = NO;
				ENABLE_STRICT_OBJC_MSGSEND = YES;
				GCC_C_LANGUAGE_STANDARD = gnu11;
				GCC_NO_COMMON_BLOCKS = YES;
				GCC_WARN_64_TO_32_BIT_CONVERSION = YES;
				GCC_WARN_ABOUT_RETURN_TYPE = YES_ERROR;
				GCC_WARN_UNDECLARED_SELECTOR = YES;
				GCC_WARN_UNINITIALIZED_AUTOS = YES_AGGRESSIVE;
				GCC_WARN_UNUSED_FUNCTION = YES;
				GCC_WARN_UNUSED_VARIABLE = YES;
				IPHONEOS_DEPLOYMENT_TARGET = 12.1;
				MTL_ENABLE_DEBUG_INFO = NO;
				MTL_FAST_MATH = YES;
				SDKROOT = iphoneos;
				VALIDATE_PRODUCT = YES;
			};
			name = Release;
		};
		7CA984DC21A5B5F70062F088 /* Debug */ = {
			isa = XCBuildConfiguration;
			baseConfigurationReference = 414B4E92262DCC6B140ADB13 /* Pods-wisekai-poc.debug.xcconfig */;
			buildSettings = {
				ASSETCATALOG_COMPILER_APPICON_NAME = AppIcon;
				CODE_SIGN_ENTITLEMENTS = "wisekai-poc/wisekai-poc.entitlements";
				CODE_SIGN_STYLE = Manual;
				DEVELOPMENT_TEAM = CT28XA8756;
				INFOPLIST_FILE = "wisekai-poc/Info.plist";
				LD_RUNPATH_SEARCH_PATHS = (
					"$(inherited)",
					"@executable_path/Frameworks",
				);
				PRODUCT_BUNDLE_IDENTIFIER = com.wisekai.poc;
				PRODUCT_NAME = "$(TARGET_NAME)";
				PROVISIONING_PROFILE_SPECIFIER = "WiseKai Development";
				TARGETED_DEVICE_FAMILY = 1;
			};
			name = Debug;
		};
		7CA984DD21A5B5F70062F088 /* Release */ = {
			isa = XCBuildConfiguration;
			baseConfigurationReference = C8561B014D0D2E6A5223A562 /* Pods-wisekai-poc.release.xcconfig */;
			buildSettings = {
				ASSETCATALOG_COMPILER_APPICON_NAME = AppIcon;
				CODE_SIGN_ENTITLEMENTS = "wisekai-poc/wisekai-poc.entitlements";
				CODE_SIGN_IDENTITY = "iPhone Developer";
				CODE_SIGN_STYLE = Manual;
				DEVELOPMENT_TEAM = CT28XA8756;
				INFOPLIST_FILE = "wisekai-poc/Info.plist";
				LD_RUNPATH_SEARCH_PATHS = (
					"$(inherited)",
					"@executable_path/Frameworks",
				);
				PRODUCT_BUNDLE_IDENTIFIER = com.wisekai.poc;
				PRODUCT_NAME = "$(TARGET_NAME)";
				PROVISIONING_PROFILE_SPECIFIER = "WiseKai Development";
				TARGETED_DEVICE_FAMILY = 1;
			};
			name = Release;
		};
		7CA984DF21A5B5F70062F088 /* Debug */ = {
			isa = XCBuildConfiguration;
			baseConfigurationReference = 3148D0CAB1F6337A998DB1ED /* Pods-wisekai-pocTests.debug.xcconfig */;
			buildSettings = {
				BUNDLE_LOADER = "$(TEST_HOST)";
				CODE_SIGN_STYLE = Automatic;
				DEVELOPMENT_TEAM = SA69AU49K8;
				INFOPLIST_FILE = "wisekai-pocTests/Info.plist";
				LD_RUNPATH_SEARCH_PATHS = (
					"$(inherited)",
					"@executable_path/Frameworks",
					"@loader_path/Frameworks",
				);
				PRODUCT_BUNDLE_IDENTIFIER = "com.ahmed.wisekai-pocTests";
				PRODUCT_NAME = "$(TARGET_NAME)";
				TARGETED_DEVICE_FAMILY = "1,2";
				TEST_HOST = "$(BUILT_PRODUCTS_DIR)/wisekai-poc.app/wisekai-poc";
			};
			name = Debug;
		};
		7CA984E021A5B5F70062F088 /* Release */ = {
			isa = XCBuildConfiguration;
			baseConfigurationReference = 4D7D1580008A758F5CAE1C9C /* Pods-wisekai-pocTests.release.xcconfig */;
			buildSettings = {
				BUNDLE_LOADER = "$(TEST_HOST)";
				CODE_SIGN_STYLE = Automatic;
				DEVELOPMENT_TEAM = SA69AU49K8;
				INFOPLIST_FILE = "wisekai-pocTests/Info.plist";
				LD_RUNPATH_SEARCH_PATHS = (
					"$(inherited)",
					"@executable_path/Frameworks",
					"@loader_path/Frameworks",
				);
				PRODUCT_BUNDLE_IDENTIFIER = "com.ahmed.wisekai-pocTests";
				PRODUCT_NAME = "$(TARGET_NAME)";
				TARGETED_DEVICE_FAMILY = "1,2";
				TEST_HOST = "$(BUILT_PRODUCTS_DIR)/wisekai-poc.app/wisekai-poc";
			};
			name = Release;
		};
/* End XCBuildConfiguration section */

/* Begin XCConfigurationList section */
		7CA984B521A5B5F50062F088 /* Build configuration list for PBXProject "wisekai-poc" */ = {
			isa = XCConfigurationList;
			buildConfigurations = (
				7CA984D921A5B5F70062F088 /* Debug */,
				7CA984DA21A5B5F70062F088 /* Release */,
			);
			defaultConfigurationIsVisible = 0;
			defaultConfigurationName = Release;
		};
		7CA984DB21A5B5F70062F088 /* Build configuration list for PBXNativeTarget "wisekai-poc" */ = {
			isa = XCConfigurationList;
			buildConfigurations = (
				7CA984DC21A5B5F70062F088 /* Debug */,
				7CA984DD21A5B5F70062F088 /* Release */,
			);
			defaultConfigurationIsVisible = 0;
			defaultConfigurationName = Release;
		};
		7CA984DE21A5B5F70062F088 /* Build configuration list for PBXNativeTarget "wisekai-pocTests" */ = {
			isa = XCConfigurationList;
			buildConfigurations = (
				7CA984DF21A5B5F70062F088 /* Debug */,
				7CA984E021A5B5F70062F088 /* Release */,
			);
			defaultConfigurationIsVisible = 0;
			defaultConfigurationName = Release;
		};
/* End XCConfigurationList section */
	};
	rootObject = 7CA984B221A5B5F50062F088 /* Project object */;
}
